// !$*UTF8*$!
{
	archiveVersion = 1;
	classes = {
	};
	objectVersion = 46;
	objects = {

/* Begin PBXBuildFile section */
		B0E499E81E48725700837DC1 /* main.m in Sources */ = {isa = PBXBuildFile; fileRef = B0E499E71E48725700837DC1 /* main.m */; };
		B0E499EB1E48725700837DC1 /* AppDelegate.m in Sources */ = {isa = PBXBuildFile; fileRef = B0E499EA1E48725700837DC1 /* AppDelegate.m */; };
		B0E499EE1E48725700837DC1 /* ViewController.m in Sources */ = {isa = PBXBuildFile; fileRef = B0E499ED1E48725700837DC1 /* ViewController.m */; };
		B0E499F11E48725700837DC1 /* Main.storyboard in Resources */ = {isa = PBXBuildFile; fileRef = B0E499EF1E48725700837DC1 /* Main.storyboard */; };
		B0E499F31E48725700837DC1 /* Assets.xcassets in Resources */ = {isa = PBXBuildFile; fileRef = B0E499F21E48725700837DC1 /* Assets.xcassets */; };
		B0E499F61E48725700837DC1 /* LaunchScreen.storyboard in Resources */ = {isa = PBXBuildFile; fileRef = B0E499F41E48725700837DC1 /* LaunchScreen.storyboard */; };
/* End PBXBuildFile section */

/* Begin PBXFileReference section */
		B0E499E31E48725700837DC1 /* NSTViewWarmuper.app */ = {isa = PBXFileReference; explicitFileType = wrapper.application; includeInIndex = 0; path = NSTViewWarmuper.app; sourceTree = BUILT_PRODUCTS_DIR; };
		B0E499E71E48725700837DC1 /* main.m */ = {isa = PBXFileReference; lastKnownFileType = sourcecode.c.objc; path = main.m; sourceTree = "<group>"; };
		B0E499E91E48725700837DC1 /* AppDelegate.h */ = {isa = PBXFileReference; lastKnownFileType = sourcecode.c.h; path = AppDelegate.h; sourceTree = "<group>"; };
		B0E499EA1E48725700837DC1 /* AppDelegate.m */ = {isa = PBXFileReference; lastKnownFileType = sourcecode.c.objc; path = AppDelegate.m; sourceTree = "<group>"; };
		B0E499EC1E48725700837DC1 /* ViewController.h */ = {isa = PBXFileReference; lastKnownFileType = sourcecode.c.h; path = ViewController.h; sourceTree = "<group>"; };
		B0E499ED1E48725700837DC1 /* ViewController.m */ = {isa = PBXFileReference; lastKnownFileType = sourcecode.c.objc; path = ViewController.m; sourceTree = "<group>"; };
		B0E499F01E48725700837DC1 /* Base */ = {isa = PBXFileReference; lastKnownFileType = file.storyboard; name = Base; path = Base.lproj/Main.storyboard; sourceTree = "<group>"; };
		B0E499F21E48725700837DC1 /* Assets.xcassets */ = {isa = PBXFileReference; lastKnownFileType = folder.assetcatalog; path = Assets.xcassets; sourceTree = "<group>"; };
		B0E499F51E48725700837DC1 /* Base */ = {isa = PBXFileReference; lastKnownFileType = file.storyboard; name = Base; path = Base.lproj/LaunchScreen.storyboard; sourceTree = "<group>"; };
		B0E499F71E48725700837DC1 /* Info.plist */ = {isa = PBXFileReference; lastKnownFileType = text.plist.xml; path = Info.plist; sourceTree = "<group>"; };
/* End PBXFileReference section */

/* Begin PBXFrameworksBuildPhase section */
		B0E499E01E48725700837DC1 /* Frameworks */ = {
			isa = PBXFrameworksBuildPhase;
			buildActionMask = 2147483647;
			files = (
			);
			runOnlyForDeploymentPostprocessing = 0;
		};
/* End PBXFrameworksBuildPhase section */

/* Begin PBXGroup section */
		B0E499DA1E48725700837DC1 = {
			isa = PBXGroup;
			children = (
				B0E499E51E48725700837DC1 /* NSTViewWarmuper */,
				B0E499E41E48725700837DC1 /* Products */,
			);
			sourceTree = "<group>";
		};
		B0E499E41E48725700837DC1 /* Products */ = {
			isa = PBXGroup;
			children = (
				B0E499E31E48725700837DC1 /* NSTViewWarmuper.app */,
			);
			name = Products;
			sourceTree = "<group>";
		};
		B0E499E51E48725700837DC1 /* NSTViewWarmuper */ = {
			isa = PBXGroup;
			children = (
				B0E499E91E48725700837DC1 /* AppDelegate.h */,
				B0E499EA1E48725700837DC1 /* AppDelegate.m */,
				B0E499EC1E48725700837DC1 /* ViewController.h */,
				B0E499ED1E48725700837DC1 /* ViewController.m */,
				B0E499EF1E48725700837DC1 /* Main.storyboard */,
				B0E499F21E48725700837DC1 /* Assets.xcassets */,
				B0E499F41E48725700837DC1 /* LaunchScreen.storyboard */,
				B0E499F71E48725700837DC1 /* Info.plist */,
				B0E499E61E48725700837DC1 /* Supporting Files */,
			);
			path = NSTViewWarmuper;
			sourceTree = "<group>";
		};
		B0E499E61E48725700837DC1 /* Supporting Files */ = {
			isa = PBXGroup;
			children = (
				B0E499E71E48725700837DC1 /* main.m */,
			);
			name = "Supporting Files";
			sourceTree = "<group>";
		};
/* End PBXGroup section */

/* Begin PBXNativeTarget section */
		B0E499E21E48725700837DC1 /* NSTViewWarmuper */ = {
			isa = PBXNativeTarget;
			buildConfigurationList = B0E499FA1E48725700837DC1 /* Build configuration list for PBXNativeTarget "NSTViewWarmuper" */;
			buildPhases = (
				B0E499DF1E48725700837DC1 /* Sources */,
				B0E499E01E48725700837DC1 /* Frameworks */,
				B0E499E11E48725700837DC1 /* Resources */,
			);
			buildRules = (
			);
			dependencies = (
			);
			name = NSTViewWarmuper;
			productName = NSTViewWarmuper;
			productReference = B0E499E31E48725700837DC1 /* NSTViewWarmuper.app */;
			productType = "com.apple.product-type.application";
		};
/* End PBXNativeTarget section */

/* Begin PBXProject section */
		B0E499DB1E48725700837DC1 /* Project object */ = {
			isa = PBXProject;
			attributes = {
				LastUpgradeCheck = 0820;
				ORGANIZATIONNAME = "Timur Bernikovich";
				TargetAttributes = {
					B0E499E21E48725700837DC1 = {
						CreatedOnToolsVersion = 8.2.1;
						ProvisioningStyle = Automatic;
					};
				};
			};
			buildConfigurationList = B0E499DE1E48725700837DC1 /* Build configuration list for PBXProject "NSTViewWarmuper" */;
			compatibilityVersion = "Xcode 3.2";
			developmentRegion = English;
			hasScannedForEncodings = 0;
			knownRegions = (
				en,
				Base,
			);
			mainGroup = B0E499DA1E48725700837DC1;
			productRefGroup = B0E499E41E48725700837DC1 /* Products */;
			projectDirPath = "";
			projectRoot = "";
			targets = (
				B0E499E21E48725700837DC1 /* NSTViewWarmuper */,
			);
		};
/* End PBXProject section */

/* Begin PBXResourcesBuildPhase section */
		B0E499E11E48725700837DC1 /* Resources */ = {
			isa = PBXResourcesBuildPhase;
			buildActionMask = 2147483647;
			files = (
				B0E499F61E48725700837DC1 /* LaunchScreen.storyboard in Resources */,
				B0E499F31E48725700837DC1 /* Assets.xcassets in Resources */,
				B0E499F11E48725700837DC1 /* Main.storyboard in Resources */,
			);
			runOnlyForDeploymentPostprocessing = 0;
		};
/* End PBXResourcesBuildPhase section */

/* Begin PBXSourcesBuildPhase section */
		B0E499DF1E48725700837DC1 /* Sources */ = {
			isa = PBXSourcesBuildPhase;
			buildActionMask = 2147483647;
			files = (
				B0E499EE1E48725700837DC1 /* ViewController.m in Sources */,
				B0E499EB1E48725700837DC1 /* AppDelegate.m in Sources */,
				B0E499E81E48725700837DC1 /* main.m in Sources */,
			);
			runOnlyForDeploymentPostprocessing = 0;
		};
/* End PBXSourcesBuildPhase section */

/* Begin PBXVariantGroup section */
		B0E499EF1E48725700837DC1 /* Main.storyboard */ = {
			isa = PBXVariantGroup;
			children = (
				B0E499F01E48725700837DC1 /* Base */,
			);
			name = Main.storyboard;
			sourceTree = "<group>";
		};
		B0E499F41E48725700837DC1 /* LaunchScreen.storyboard */ = {
			isa = PBXVariantGroup;
			children = (
				B0E499F51E48725700837DC1 /* Base */,
			);
			name = LaunchScreen.storyboard;
			sourceTree = "<group>";
		};
/* End PBXVariantGroup section */

/* Begin XCBuildConfiguration section */
		B0E499F81E48725700837DC1 /* Debug */ = {
			isa = XCBuildConfiguration;
			buildSettings = {
				ALWAYS_SEARCH_USER_PATHS = NO;
				CLANG_ANALYZER_NONNULL = YES;
				CLANG_CXX_LANGUAGE_STANDARD = "gnu++0x";
				CLANG_CXX_LIBRARY = "libc++";
				CLANG_ENABLE_MODULES = YES;
				CLANG_ENABLE_OBJC_ARC = YES;
				CLANG_WARN_BOOL_CONVERSION = YES;
				CLANG_WARN_CONSTANT_CONVERSION = YES;
				CLANG_WARN_DIRECT_OBJC_ISA_USAGE = YES_ERROR;
				CLANG_WARN_DOCUMENTATION_COMMENTS = YES;
				CLANG_WARN_EMPTY_BODY = YES;
				CLANG_WARN_ENUM_CONVERSION = YES;
				CLANG_WARN_INFINITE_RECURSION = YES;
				CLANG_WARN_INT_CONVERSION = YES;
				CLANG_WARN_OBJC_ROOT_CLASS = YES_ERROR;
				CLANG_WARN_SUSPICIOUS_MOVE = YES;
				CLANG_WARN_UNREACHABLE_CODE = YES;
				CLANG_WARN__DUPLICATE_METHOD_MATCH = YES;
				"CODE_SIGN_IDENTITY[sdk=iphoneos*]" = "iPhone Developer";
				COPY_PHASE_STRIP = NO;
				DEBUG_INFORMATION_FORMAT = dwarf;
				ENABLE_STRICT_OBJC_MSGSEND = YES;
				ENABLE_TESTABILITY = YES;
				GCC_C_LANGUAGE_STANDARD = gnu99;
				GCC_DYNAMIC_NO_PIC = NO;
				GCC_NO_COMMON_BLOCKS = YES;
				GCC_OPTIMIZATION_LEVEL = 0;
				GCC_PREPROCESSOR_DEFINITIONS = (
					"DEBUG=1",
					"$(inherited)",
				);
				GCC_WARN_64_TO_32_BIT_CONVERSION = YES;
				GCC_WARN_ABOUT_RETURN_TYPE = YES_ERROR;
				GCC_WARN_UNDECLARED_SELECTOR = YES;
				GCC_WARN_UNINITIALIZED_AUTOS = YES_AGGRESSIVE;
				GCC_WARN_UNUSED_FUNCTION = YES;
				GCC_WARN_UNUSED_VARIABLE = YES;
				IPHONEOS_DEPLOYMENT_TARGET = 10.2;
				MTL_ENABLE_DEBUG_INFO = YES;
				ONLY_ACTIVE_ARCH = YES;
				SDKROOT = iphoneos;
			};
			name = Debug;
		};
		B0E499F91E48725700837DC1 /* Release */ = {
			isa = XCBuildConfiguration;
			buildSettings = {
				ALWAYS_SEARCH_USER_PATHS = NO;
				CLANG_ANALYZER_NONNULL = YES;
				CLANG_CXX_LANGUAGE_STANDARD = "gnu++0x";
				CLANG_CXX_LIBRARY = "libc++";
				CLANG_ENABLE_MODULES = YES;
				CLANG_ENABLE_OBJC_ARC = YES;
				CLANG_WARN_BOOL_CONVERSION = YES;
				CLANG_WARN_CONSTANT_CONVERSION = YES;
				CLANG_WARN_DIRECT_OBJC_ISA_USAGE = YES_ERROR;
				CLANG_WARN_DOCUMENTATION_COMMENTS = YES;
				CLANG_WARN_EMPTY_BODY = YES;
				CLANG_WARN_ENUM_CONVERSION = YES;
				CLANG_WARN_INFINITE_RECURSION = YES;
				CLANG_WARN_INT_CONVERSION = YES;
				CLANG_WARN_OBJC_ROOT_CLASS = YES_ERROR;
				CLANG_WARN_SUSPICIOUS_MOVE = YES;
				CLANG_WARN_UNREACHABLE_CODE = YES;
				CLANG_WARN__DUPLICATE_METHOD_MATCH = YES;
				"CODE_SIGN_IDENTITY[sdk=iphoneos*]" = "iPhone Developer";
				COPY_PHASE_STRIP = NO;
				DEBUG_INFORMATION_FORMAT = "dwarf-with-dsym";
				ENABLE_NS_ASSERTIONS = NO;
				ENABLE_STRICT_OBJC_MSGSEND = YES;
				GCC_C_LANGUAGE_STANDARD = gnu99;
				GCC_NO_COMMON_BLOCKS = YES;
				GCC_WARN_64_TO_32_BIT_CONVERSION = YES;
				GCC_WARN_ABOUT_RETURN_TYPE = YES_ERROR;
				GCC_WARN_UNDECLARED_SELECTOR = YES;
				GCC_WARN_UNINITIALIZED_AUTOS = YES_AGGRESSIVE;
				GCC_WARN_UNUSED_FUNCTION = YES;
				GCC_WARN_UNUSED_VARIABLE = YES;
				IPHONEOS_DEPLOYMENT_TARGET = 10.2;
				MTL_ENABLE_DEBUG_INFO = NO;
				SDKROOT = iphoneos;
				VALIDATE_PRODUCT = YES;
			};
			name = Release;
		};
		B0E499FB1E48725700837DC1 /* Debug */ = {
			isa = XCBuildConfiguration;
			buildSettings = {
				ASSETCATALOG_COMPILER_APPICON_NAME = AppIcon;
				INFOPLIST_FILE = NSTViewWarmuper/Info.plist;
				LD_RUNPATH_SEARCH_PATHS = "$(inherited) @executable_path/Frameworks";
				PRODUCT_BUNDLE_IDENTIFIER = bernikovich.NSTViewWarmuper;
				PRODUCT_NAME = "$(TARGET_NAME)";
			};
			name = Debug;
		};
		B0E499FC1E48725700837DC1 /* Release */ = {
			isa = XCBuildConfiguration;
			buildSettings = {
				ASSETCATALOG_COMPILER_APPICON_NAME = AppIcon;
				INFOPLIST_FILE = NSTViewWarmuper/Info.plist;
				LD_RUNPATH_SEARCH_PATHS = "$(inherited) @executable_path/Frameworks";
				PRODUCT_BUNDLE_IDENTIFIER = bernikovich.NSTViewWarmuper;
				PRODUCT_NAME = "$(TARGET_NAME)";
			};
			name = Release;
		};
/* End XCBuildConfiguration section */

/* Begin XCConfigurationList section */
		B0E499DE1E48725700837DC1 /* Build configuration list for PBXProject "NSTViewWarmuper" */ = {
			isa = XCConfigurationList;
			buildConfigurations = (
				B0E499F81E48725700837DC1 /* Debug */,
				B0E499F91E48725700837DC1 /* Release */,
			);
			defaultConfigurationIsVisible = 0;
			defaultConfigurationName = Release;
		};
		B0E499FA1E48725700837DC1 /* Build configuration list for PBXNativeTarget "NSTViewWarmuper" */ = {
			isa = XCConfigurationList;
			buildConfigurations = (
				B0E499FB1E48725700837DC1 /* Debug */,
				B0E499FC1E48725700837DC1 /* Release */,
			);
			defaultConfigurationIsVisible = 0;
		};
/* End XCConfigurationList section */
	};
	rootObject = B0E499DB1E48725700837DC1 /* Project object */;
}
